
Microsoft Visual Studio Solution File, Format Version 12.00
# Visual Studio 14
VisualStudioVersion = 14.0.23107.0
MinimumVisualStudioVersion = 10.0.40219.1
Project("{FAE04EC0-301F-11D3-BF4B-00C04F79EFBC}") = "Server", "Server\Server.csproj", "{5FA25FA9-A610-44F6-85D4-14FB5A8BDFA2}"
EndProject
Project("{FAE04EC0-301F-11D3-BF4B-00C04F79EFBC}") = "Client", "Client\Client.csproj", "{CD60E9DF-419A-414D-9542-B4FB82B2AA7A}"
EndProject
Global
	GlobalSection(SolutionConfigurationPlatforms) = preSolution
		Debug|Any CPU = Debug|Any CPU
		Release|Any CPU = Release|Any CPU
	EndGlobalSection
	GlobalSection(ProjectConfigurationPlatforms) = postSolution
		{5FA25FA9-A610-44F6-85D4-14FB5A8BDFA2}.Debug|Any CPU.ActiveCfg = Debug|Any CPU
		{5FA25FA9-A610-44F6-85D4-14FB5A8BDFA2}.Debug|Any CPU.Build.0 = Debug|Any CPU
		{5FA25FA9-A610-44F6-85D4-14FB5A8BDFA2}.Release|Any CPU.ActiveCfg = Release|Any CPU
		{5FA25FA9-A610-44F6-85D4-14FB5A8BDFA2}.Release|Any CPU.Build.0 = Release|Any CPU
		{CD60E9DF-419A-414D-9542-B4FB82B2AA7A}.Debug|Any CPU.ActiveCfg = Debug|Any CPU
		{CD60E9DF-419A-414D-9542-B4FB82B2AA7A}.Debug|Any CPU.Build.0 = Debug|Any CPU
		{CD60E9DF-419A-414D-9542-B4FB82B2AA7A}.Release|Any CPU.ActiveCfg = Release|Any CPU
		{CD60E9DF-419A-414D-9542-B4FB82B2AA7A}.Release|Any CPU.Build.0 = Release|Any CPU
	EndGlobalSection
	GlobalSection(SolutionProperties) = preSolution
		HideSolutionNode = FALSE
	EndGlobalSection
EndGlobal
